// !$*UTF8*$!
{
	archiveVersion = 1;
	classes = {
	};
	objectVersion = 56;
	objects = {

/* Begin PBXBuildFile section */
		AA0000000000001 /* App.swift in Sources */ = {isa = PBXBuildFile; fileRef = AA0000000000002 /* App.swift */; };
		AA0000000000003 /* ViewController.swift in Sources */ = {isa = PBXBuildFile; fileRef = AA0000000000004 /* ViewController.swift */; };
		AA0000000000005 /* Assets.xcassets in Resources */ = {isa = PBXBuildFile; fileRef = AA0000000000006 /* Assets.xcassets */; };
/* End PBXBuildFile section */

/* Begin PBXFileReference section */
		AA0000000000002 /* App.swift */ = {isa = PBXFileReference; lastKnownFileType = sourcecode.swift; path = App.swift; sourceTree = "<group>"; };
		AA0000000000004 /* ViewController.swift */ = {isa = PBXFileReference; lastKnownFileType = sourcecode.swift; path = ViewController.swift; sourceTree = "<group>"; };
		AA0000000000006 /* Assets.xcassets */ = {isa = PBXFileReference; lastKnownFileType = folder.assetcatalog; path = Assets.xcassets; sourceTree = "<group>"; };
		AA0000000000007 /* Info.plist */ = {isa = PBXFileReference; lastKnownFileType = text.plist.xml; path = Info.plist; sourceTree = "<group>"; };
		AA0000000000008 /* StikDebug.entitlements */ = {isa = PBXFileReference; lastKnownFileType = text.plist.entitlements; path = StikDebug.entitlements; sourceTree = "<group>"; };
/* End PBXFileReference section */

/* Begin PBXGroup section */
		AA0000000000009 = {
			isa = PBXGroup;
			children = (
				AA0000000000010 /* StikDebug */,
				AA0000000000011 /* Products */,
			);
			sourceTree = "<group>";
		};
		AA0000000000010 /* StikDebug */ = {
			isa = PBXGroup;
			children = (
				AA0000000000002 /* App.swift */,
				AA0000000000004 /* ViewController.swift */,
				AA0000000000006 /* Assets.xcassets */,
				AA0000000000007 /* Info.plist */,
				AA0000000000008 /* StikDebug.entitlements */,
			);
			path = StikDebug;
			sourceTree = "<group>";
		};
		AA0000000000011 /* Products */ = {
			isa = PBXGroup;
			children = (
				AA0000000000012 /* StikDebug.app */,
			);
			name = Products;
			sourceTree = "<group>";
		};
/* End PBXGroup section */

/* Begin PBXNativeTarget section */
		AA0000000000013 /* StikDebug */ = {
			isa = PBXNativeTarget;
			buildConfigurationList = AA0000000000014 /* Build configuration list for PBXNativeTarget "StikDebug" */;
			buildPhases = (
				AA0000000000015 /* Sources */,
				AA0000000000016 /* Resources */,
			);
			buildRules = (
			);
			dependencies = (
			);
			name = StikDebug;
			productName = StikDebug;
			productReference = AA0000000000012 /* StikDebug.app */;
			productType = "com.apple.product-type.application";
		};
/* End PBXNativeTarget section */

/* Begin PBXProject section */
		AA0000000000017 /* Project object */ = {
			isa = PBXProject;
			attributes = {
				LastSwiftUpdateCheck = 1500;
				LastUpgradeCheck = 1500;
				TargetAttributes = {
					AA0000000000013 = {
						CreatedOnToolsVersion = 15.0;
					};
				};
			};
			buildConfigurationList = AA0000000000018 /* Build configuration list for PBXProject "StikDebug" */;
			compatibilityVersion = "Xcode 14.0";
			developmentRegion = en;
			hasScannedForEncodings = 0;
			knownRegions = (
				en,
				Base,
			);
			mainGroup = AA0000000000009;
			productRefGroup = AA0000000000011 /* Products */;
			projectDirPath = "";
			projectRoot = "";
			targets = (
				AA0000000000013 /* StikDebug */,
			);
		};
/* End PBXProject section */

/* Begin PBXResourcesBuildPhase section */
		AA0000000000016 /* Resources */ = {
			isa = PBXResourcesBuildPhase;
			buildActionMask = 2147483647;
			files = (
				AA0000000000005 /* Assets.xcassets in Resources */,
			);
			runOnlyForDeploymentPostprocessing = 0;
		};
/* End PBXResourcesBuildPhase section */

/* Begin PBXSourcesBuildPhase section */
		AA0000000000015 /* Sources */ = {
			isa = PBXSourcesBuildPhase;
			buildActionMask = 2147483647;
			files = (
				AA0000000000001 /* App.swift in Sources */,
				AA0000000000003 /* ViewController.swift in Sources */,
			);
			runOnlyForDeploymentPostprocessing = 0;
		};
/* End PBXSourcesBuildPhase section */

/* Begin XCBuildConfiguration section */
		AA0000000000019 /* Debug */ = {
			isa = XCBuildConfiguration;
			buildSettings = {
				ALWAYS_SEARCH_USER_PATHS = NO;
				ASSETCATALOG_COMPILER_APPICON_NAME = AppIcon;
				CLANG_ENABLE_OBJC_ARC = YES;
				CODE_SIGN_ENTITLEMENTS = StikDebug/StikDebug.entitlements;
				CODE_SIGN_IDENTITY = "";
				CODE_SIGN_STYLE = Manual;
				CURRENT_PROJECT_VERSION = 1;
				DEVELOPMENT_TEAM = "";
				GENERATE_INFOPLIST_FILE = NO;
				INFOPLIST_FILE = StikDebug/Info.plist;
				IPHONEOS_DEPLOYMENT_TARGET = 15.0;
				LD_RUNPATH_SEARCH_PATHS = "$(inherited) @executable_path/Frameworks";
				MARKETING_VERSION = 1.0;
				PRODUCT_BUNDLE_IDENTIFIER = com.stikdebug.app;
				PRODUCT_NAME = StikDebug;
				PROVISIONING_PROFILE_SPECIFIER = "";
				SDKROOT = iphoneos;
				SWIFT_VERSION = 5.0;
				TARGETED_DEVICE_FAMILY = "1,2";
			};
			name = Debug;
		};
		AA0000000000020 /* Release */ = {
			isa = XCBuildConfiguration;
			buildSettings = {
				ALWAYS_SEARCH_USER_PATHS = NO;
				ASSETCATALOG_COMPILER_APPICON_NAME = AppIcon;
				CLANG_ENABLE_OBJC_ARC = YES;
				CODE_SIGN_ENTITLEMENTS = StikDebug/StikDebug.entitlements;
				CODE_SIGN_IDENTITY = "";
				CODE_SIGN_STYLE = Manual;
				CURRENT_PROJECT_VERSION = 1;
				DEVELOPMENT_TEAM = "";
				GENERATE_INFOPLIST_FILE = NO;
				INFOPLIST_FILE = StikDebug/Info.plist;
				IPHONEOS_DEPLOYMENT_TARGET = 15.0;
				LD_RUNPATH_SEARCH_PATHS = "$(inherited) @executable_path/Frameworks";
				MARKETING_VERSION = 1.0;
				PRODUCT_BUNDLE_IDENTIFIER = com.stikdebug.app;
				PRODUCT_NAME = StikDebug;
				PROVISIONING_PROFILE_SPECIFIER = "";
				SDKROOT = iphoneos;
				SWIFT_VERSION = 5.0;
				TARGETED_DEVICE_FAMILY = "1,2";
			};
			name = Release;
		};
/* End XCBuildConfiguration section */

/* Begin XCConfigurationList section */
		AA0000000000018 /* Build configuration list for PBXProject "StikDebug" */ = {
			isa = XCConfigurationList;
			buildConfigurations = (
				AA0000000000019 /* Debug */,
				AA0000000000020 /* Release */,
			);
			defaultConfigurationIsVisible = 0;
			defaultConfigurationName = Release;
		};
		AA0000000000014 /* Build configuration list for PBXNativeTarget "StikDebug" */ = {
			isa = XCConfigurationList;
			buildConfigurations = (
				AA0000000000019 /* Debug */,
				AA0000000000020 /* Release */,
			);
			defaultConfigurationIsVisible = 0;
			defaultConfigurationName = Release;
		};
/* End XCConfigurationList section */
	};
	rootObject = AA0000000000017 /* Project object */;
}
